
Microsoft Visual Studio Solution File, Format Version 12.00
# Visual Studio Version 17
VisualStudioVersion = 17.5.002.0
MinimumVisualStudioVersion = 10.0.40219.1
Project("{9A19103F-16F7-4668-BE54-9A1E7A4F7556}") = "TodoApi", "TodoApi\TodoApi.csproj", "{FFAB1952-BDA3-4CA5-9260-1BF36D94FB2A}"
EndProject
Global
	GlobalSection(SolutionConfigurationPlatforms) = preSolution
		Debug|Any CPU = Debug|Any CPU
		Release|Any CPU = Release|Any CPU
	EndGlobalSection
	GlobalSection(ProjectConfigurationPlatforms) = postSolution
		{FFAB1952-BDA3-4CA5-9260-1BF36D94FB2A}.Debug|Any CPU.ActiveCfg = Debug|Any CPU
		{FFAB1952-BDA3-4CA5-9260-1BF36D94FB2A}.Debug|Any CPU.Build.0 = Debug|Any CPU
		{FFAB1952-BDA3-4CA5-9260-1BF36D94FB2A}.Release|Any CPU.ActiveCfg = Release|Any CPU
		{FFAB1952-BDA3-4CA5-9260-1BF36D94FB2A}.Release|Any CPU.Build.0 = Release|Any CPU
	EndGlobalSection
	GlobalSection(SolutionProperties) = preSolution
		HideSolutionNode = FALSE
	EndGlobalSection
	GlobalSection(ExtensibilityGlobals) = postSolution
		SolutionGuid = {C729E37A-4F84-42D7-9CCE-D33A5CE40010}
	EndGlobalSection
EndGlobal
